# THIS IS AN AUTOGENERATED FILE. DO NOT EDIT THIS FILE DIRECTLY.
# yarn lockfile v1


purty@^4.0.1:
  version "4.0.1"
  resolved "https://registry.yarnpkg.com/purty/-/purty-4.0.1.tgz#10233c0e282e68c76f7897bd65da67cea30bac3b"
  integrity sha512-wH4mCKQdTXbUKhCN3jTWOhGfCbx5qJKs0Y32CZfL2aWzh7OTnGGwLHqYDyfjPydE4SXnESdzjPFtFstWGCaQqA==
